
Microsoft Visual Studio Solution File, Format Version 12.00
# Visual Studio Version 17
VisualStudioVersion = 17.8.34330.188
MinimumVisualStudioVersion = 10.0.40219.1
Project("{9A19103F-16F7-4668-BE54-9A1E7A4F7556}") = "MangosSuperUI_Extractor", "MangosSuperUI_Extractor.csproj", "{B429C8BE-39D1-4808-A541-27DFF506EE5B}"
EndProject
Global
	GlobalSection(SolutionConfigurationPlatforms) = preSolution
		Debug|Any CPU = Debug|Any CPU
		Release|Any CPU = Release|Any CPU
	EndGlobalSection
	GlobalSection(ProjectConfigurationPlatforms) = postSolution
		{B429C8BE-39D1-4808-A541-27DFF506EE5B}.Debug|Any CPU.ActiveCfg = Debug|Any CPU
		{B429C8BE-39D1-4808-A541-27DFF506EE5B}.Debug|Any CPU.Build.0 = Debug|Any CPU
		{B429C8BE-39D1-4808-A541-27DFF506EE5B}.Release|Any CPU.ActiveCfg = Release|Any CPU
		{B429C8BE-39D1-4808-A541-27DFF506EE5B}.Release|Any CPU.Build.0 = Release|Any CPU
	EndGlobalSection
	GlobalSection(SolutionProperties) = preSolution
		HideSolutionNode = FALSE
	EndGlobalSection
	GlobalSection(ExtensibilityGlobals) = postSolution
		SolutionGuid = {B2294B8E-1767-483F-9942-5B57A9DAC4BC}
	EndGlobalSection
EndGlobal
